// !$*UTF8*$!
{
	archiveVersion = 1;
	classes = {
	};
	objectVersion = 46;
	objects = {

/* Begin PBXBuildFile section */
		1F0769D41960D995009B6674 /* ISSearchViewController.m in Sources */ = {isa = PBXBuildFile; fileRef = 1F0769D31960D995009B6674 /* ISSearchViewController.m */; };
		1F0769D71960E20A009B6674 /* ISFooterView.m in Sources */ = {isa = PBXBuildFile; fileRef = 1F0769D61960E20A009B6674 /* ISFooterView.m */; };
		1F3D7BFC19614AB2003DFAC7 /* libOCMock.a in Frameworks */ = {isa = PBXBuildFile; fileRef = 1F3D7BFB19614AB2003DFAC7 /* libOCMock.a */; };
		1F3D7BFF19614B76003DFAC7 /* ISLocalPersistenceTests.m in Sources */ = {isa = PBXBuildFile; fileRef = 1F3D7BFE19614B76003DFAC7 /* ISLocalPersistenceTests.m */; };
		1F3D7C0119614BC5003DFAC7 /* ISDataFetcherTests.m in Sources */ = {isa = PBXBuildFile; fileRef = 1F3D7C0019614BC5003DFAC7 /* ISDataFetcherTests.m */; };
		1F416569195BA48C0020684F /* Foundation.framework in Frameworks */ = {isa = PBXBuildFile; fileRef = 1F416568195BA48C0020684F /* Foundation.framework */; };
		1F41656B195BA48C0020684F /* CoreGraphics.framework in Frameworks */ = {isa = PBXBuildFile; fileRef = 1F41656A195BA48C0020684F /* CoreGraphics.framework */; };
		1F41656D195BA48C0020684F /* UIKit.framework in Frameworks */ = {isa = PBXBuildFile; fileRef = 1F41656C195BA48C0020684F /* UIKit.framework */; };
		1F416573195BA48C0020684F /* InfoPlist.strings in Resources */ = {isa = PBXBuildFile; fileRef = 1F416571195BA48C0020684F /* InfoPlist.strings */; };
		1F416575195BA48C0020684F /* main.m in Sources */ = {isa = PBXBuildFile; fileRef = 1F416574195BA48C0020684F /* main.m */; };
		1F416579195BA48C0020684F /* ISAppDelegate.m in Sources */ = {isa = PBXBuildFile; fileRef = 1F416578195BA48C0020684F /* ISAppDelegate.m */; };
		1F41657B195BA48C0020684F /* Images.xcassets in Resources */ = {isa = PBXBuildFile; fileRef = 1F41657A195BA48C0020684F /* Images.xcassets */; };
		1F416582195BA48C0020684F /* XCTest.framework in Frameworks */ = {isa = PBXBuildFile; fileRef = 1F416581195BA48C0020684F /* XCTest.framework */; };
		1F416583195BA48C0020684F /* Foundation.framework in Frameworks */ = {isa = PBXBuildFile; fileRef = 1F416568195BA48C0020684F /* Foundation.framework */; };
		1F416584195BA48C0020684F /* UIKit.framework in Frameworks */ = {isa = PBXBuildFile; fileRef = 1F41656C195BA48C0020684F /* UIKit.framework */; };
		1F41658C195BA48C0020684F /* InfoPlist.strings in Resources */ = {isa = PBXBuildFile; fileRef = 1F41658A195BA48C0020684F /* InfoPlist.strings */; };
		1F41659B195BAAE90020684F /* ISDataFetcher.m in Sources */ = {isa = PBXBuildFile; fileRef = 1F41659A195BAAE90020684F /* ISDataFetcher.m */; };
		1F4165A1195BAC240020684F /* ISResultsViewController.m in Sources */ = {isa = PBXBuildFile; fileRef = 1F4165A0195BAC240020684F /* ISResultsViewController.m */; };
		1F4165A4195BB0490020684F /* ISResultsViewCell.m in Sources */ = {isa = PBXBuildFile; fileRef = 1F4165A3195BB0490020684F /* ISResultsViewCell.m */; };
		1F4165AD195CD7510020684F /* ISCollectionViewFlowLayout.m in Sources */ = {isa = PBXBuildFile; fileRef = 1F4165AC195CD7510020684F /* ISCollectionViewFlowLayout.m */; };
		1FAD2ABB196102A600031ECD /* ISLocalPersistence.m in Sources */ = {isa = PBXBuildFile; fileRef = 1FAD2ABA196102A600031ECD /* ISLocalPersistence.m */; };
		1FB3180E19632BF6004CE69D /* ImageSearchKit.framework in Frameworks */ = {isa = PBXBuildFile; fileRef = 1FB3180319632BF5004CE69D /* ImageSearchKit.framework */; };
		1FB3181819632BF6004CE69D /* ImageSearchKit.framework in Frameworks */ = {isa = PBXBuildFile; fileRef = 1FB3180319632BF5004CE69D /* ImageSearchKit.framework */; };
		1FB3181919632BF6004CE69D /* ImageSearchKit.framework in Embed Frameworks */ = {isa = PBXBuildFile; fileRef = 1FB3180319632BF5004CE69D /* ImageSearchKit.framework */; settings = {ATTRIBUTES = (CodeSignOnCopy, ); }; };
		1FFFE4B3196C58C400CD2276 /* ISImageFetchOperation.m in Sources */ = {isa = PBXBuildFile; fileRef = 1FFFE4B2196C58C400CD2276 /* ISImageFetchOperation.m */; };
		1FFFE4B7196C919400CD2276 /* ISImageCache.m in Sources */ = {isa = PBXBuildFile; fileRef = 1FFFE4B6196C919400CD2276 /* ISImageCache.m */; };
/* End PBXBuildFile section */

/* Begin PBXContainerItemProxy section */
		1F416585195BA48C0020684F /* PBXContainerItemProxy */ = {
			isa = PBXContainerItemProxy;
			containerPortal = 1F41655D195BA48C0020684F /* Project object */;
			proxyType = 1;
			remoteGlobalIDString = 1F416564195BA48C0020684F;
			remoteInfo = ImageSearch;
		};
		1FB3180F19632BF6004CE69D /* PBXContainerItemProxy */ = {
			isa = PBXContainerItemProxy;
			containerPortal = 1F41655D195BA48C0020684F /* Project object */;
			proxyType = 1;
			remoteGlobalIDString = 1FB3180219632BF5004CE69D;
			remoteInfo = ImageSearchKit;
		};
		1FB3181619632BF6004CE69D /* PBXContainerItemProxy */ = {
			isa = PBXContainerItemProxy;
			containerPortal = 1F41655D195BA48C0020684F /* Project object */;
			proxyType = 1;
			remoteGlobalIDString = 1FB3180219632BF5004CE69D;
			remoteInfo = ImageSearchKit;
		};
		1FB3181A19632BF6004CE69D /* PBXContainerItemProxy */ = {
			isa = PBXContainerItemProxy;
			containerPortal = 1F41655D195BA48C0020684F /* Project object */;
			proxyType = 1;
			remoteGlobalIDString = 1FB3180219632BF5004CE69D;
			remoteInfo = ImageSearchKit;
		};
/* End PBXContainerItemProxy section */

/* Begin PBXCopyFilesBuildPhase section */
		1FB3181F19632BF6004CE69D /* Embed Frameworks */ = {
			isa = PBXCopyFilesBuildPhase;
			buildActionMask = 2147483647;
			dstPath = "";
			dstSubfolderSpec = 10;
			files = (
				1FB3181919632BF6004CE69D /* ImageSearchKit.framework in Embed Frameworks */,
			);
			name = "Embed Frameworks";
			runOnlyForDeploymentPostprocessing = 0;
		};
/* End PBXCopyFilesBuildPhase section */

/* Begin PBXFileReference section */
		1F0769D21960D995009B6674 /* ISSearchViewController.h */ = {isa = PBXFileReference; fileEncoding = 4; lastKnownFileType = sourcecode.c.h; path = ISSearchViewController.h; sourceTree = "<group>"; };
		1F0769D31960D995009B6674 /* ISSearchViewController.m */ = {isa = PBXFileReference; fileEncoding = 4; lastKnownFileType = sourcecode.c.objc; path = ISSearchViewController.m; sourceTree = "<group>"; };
		1F0769D51960E20A009B6674 /* ISFooterView.h */ = {isa = PBXFileReference; fileEncoding = 4; lastKnownFileType = sourcecode.c.h; path = ISFooterView.h; sourceTree = "<group>"; };
		1F0769D61960E20A009B6674 /* ISFooterView.m */ = {isa = PBXFileReference; fileEncoding = 4; lastKnownFileType = sourcecode.c.objc; path = ISFooterView.m; sourceTree = "<group>"; };
		1F3D7BFB19614AB2003DFAC7 /* libOCMock.a */ = {isa = PBXFileReference; lastKnownFileType = archive.ar; name = libOCMock.a; path = ImageSearchTests/libOCMock.a; sourceTree = "<group>"; };
		1F3D7BFE19614B76003DFAC7 /* ISLocalPersistenceTests.m */ = {isa = PBXFileReference; fileEncoding = 4; lastKnownFileType = sourcecode.c.objc; path = ISLocalPersistenceTests.m; sourceTree = "<group>"; };
		1F3D7C0019614BC5003DFAC7 /* ISDataFetcherTests.m */ = {isa = PBXFileReference; fileEncoding = 4; lastKnownFileType = sourcecode.c.objc; path = ISDataFetcherTests.m; sourceTree = "<group>"; };
		1F416565195BA48C0020684F /* ImageSearch.app */ = {isa = PBXFileReference; explicitFileType = wrapper.application; includeInIndex = 0; path = ImageSearch.app; sourceTree = BUILT_PRODUCTS_DIR; };
		1F416568195BA48C0020684F /* Foundation.framework */ = {isa = PBXFileReference; lastKnownFileType = wrapper.framework; name = Foundation.framework; path = System/Library/Frameworks/Foundation.framework; sourceTree = SDKROOT; };
		1F41656A195BA48C0020684F /* CoreGraphics.framework */ = {isa = PBXFileReference; lastKnownFileType = wrapper.framework; name = CoreGraphics.framework; path = System/Library/Frameworks/CoreGraphics.framework; sourceTree = SDKROOT; };
		1F41656C195BA48C0020684F /* UIKit.framework */ = {isa = PBXFileReference; lastKnownFileType = wrapper.framework; name = UIKit.framework; path = System/Library/Frameworks/UIKit.framework; sourceTree = SDKROOT; };
		1F416570195BA48C0020684F /* ImageSearch-Info.plist */ = {isa = PBXFileReference; lastKnownFileType = text.plist.xml; path = "ImageSearch-Info.plist"; sourceTree = "<group>"; };
		1F416572195BA48C0020684F /* en */ = {isa = PBXFileReference; lastKnownFileType = text.plist.strings; name = en; path = en.lproj/InfoPlist.strings; sourceTree = "<group>"; };
		1F416574195BA48C0020684F /* main.m */ = {isa = PBXFileReference; lastKnownFileType = sourcecode.c.objc; path = main.m; sourceTree = "<group>"; };
		1F416576195BA48C0020684F /* ImageSearch-Prefix.pch */ = {isa = PBXFileReference; lastKnownFileType = sourcecode.c.h; path = "ImageSearch-Prefix.pch"; sourceTree = "<group>"; };
		1F416577195BA48C0020684F /* ISAppDelegate.h */ = {isa = PBXFileReference; lastKnownFileType = sourcecode.c.h; path = ISAppDelegate.h; sourceTree = "<group>"; };
		1F416578195BA48C0020684F /* ISAppDelegate.m */ = {isa = PBXFileReference; lastKnownFileType = sourcecode.c.objc; path = ISAppDelegate.m; sourceTree = "<group>"; };
		1F41657A195BA48C0020684F /* Images.xcassets */ = {isa = PBXFileReference; lastKnownFileType = folder.assetcatalog; path = Images.xcassets; sourceTree = "<group>"; };
		1F416580195BA48C0020684F /* ImageSearchTests.xctest */ = {isa = PBXFileReference; explicitFileType = wrapper.cfbundle; includeInIndex = 0; path = ImageSearchTests.xctest; sourceTree = BUILT_PRODUCTS_DIR; };
		1F416581195BA48C0020684F /* XCTest.framework */ = {isa = PBXFileReference; lastKnownFileType = wrapper.framework; name = XCTest.framework; path = Library/Frameworks/XCTest.framework; sourceTree = DEVELOPER_DIR; };
		1F416589195BA48C0020684F /* ImageSearchTests-Info.plist */ = {isa = PBXFileReference; lastKnownFileType = text.plist.xml; path = "ImageSearchTests-Info.plist"; sourceTree = "<group>"; };
		1F41658B195BA48C0020684F /* en */ = {isa = PBXFileReference; lastKnownFileType = text.plist.strings; name = en; path = en.lproj/InfoPlist.strings; sourceTree = "<group>"; };
		1F416599195BAAE90020684F /* ISDataFetcher.h */ = {isa = PBXFileReference; fileEncoding = 4; lastKnownFileType = sourcecode.c.h; path = ISDataFetcher.h; sourceTree = "<group>"; };
		1F41659A195BAAE90020684F /* ISDataFetcher.m */ = {isa = PBXFileReference; fileEncoding = 4; lastKnownFileType = sourcecode.c.objc; path = ISDataFetcher.m; sourceTree = "<group>"; };
		1F41659F195BAC240020684F /* ISResultsViewController.h */ = {isa = PBXFileReference; fileEncoding = 4; lastKnownFileType = sourcecode.c.h; path = ISResultsViewController.h; sourceTree = "<group>"; };
		1F4165A0195BAC240020684F /* ISResultsViewController.m */ = {isa = PBXFileReference; fileEncoding = 4; lastKnownFileType = sourcecode.c.objc; path = ISResultsViewController.m; sourceTree = "<group>"; };
		1F4165A2195BB0490020684F /* ISResultsViewCell.h */ = {isa = PBXFileReference; fileEncoding = 4; lastKnownFileType = sourcecode.c.h; path = ISResultsViewCell.h; sourceTree = "<group>"; };
		1F4165A3195BB0490020684F /* ISResultsViewCell.m */ = {isa = PBXFileReference; fileEncoding = 4; lastKnownFileType = sourcecode.c.objc; path = ISResultsViewCell.m; sourceTree = "<group>"; };
		1F4165AB195CD7510020684F /* ISCollectionViewFlowLayout.h */ = {isa = PBXFileReference; fileEncoding = 4; lastKnownFileType = sourcecode.c.h; path = ISCollectionViewFlowLayout.h; sourceTree = "<group>"; };
		1F4165AC195CD7510020684F /* ISCollectionViewFlowLayout.m */ = {isa = PBXFileReference; fileEncoding = 4; lastKnownFileType = sourcecode.c.objc; path = ISCollectionViewFlowLayout.m; sourceTree = "<group>"; };
		1FAD2AB9196102A600031ECD /* ISLocalPersistence.h */ = {isa = PBXFileReference; fileEncoding = 4; lastKnownFileType = sourcecode.c.h; path = ISLocalPersistence.h; sourceTree = "<group>"; };
		1FAD2ABA196102A600031ECD /* ISLocalPersistence.m */ = {isa = PBXFileReference; fileEncoding = 4; lastKnownFileType = sourcecode.c.objc; path = ISLocalPersistence.m; sourceTree = "<group>"; };
		1FB3180319632BF5004CE69D /* ImageSearchKit.framework */ = {isa = PBXFileReference; explicitFileType = wrapper.framework; includeInIndex = 0; path = ImageSearchKit.framework; sourceTree = BUILT_PRODUCTS_DIR; };
		1FB3180D19632BF5004CE69D /* ImageSearchKitTests.xctest */ = {isa = PBXFileReference; explicitFileType = wrapper.cfbundle; includeInIndex = 0; path = ImageSearchKitTests.xctest; sourceTree = BUILT_PRODUCTS_DIR; };
		1FFFE4B2196C58C400CD2276 /* ISImageFetchOperation.m */ = {isa = PBXFileReference; fileEncoding = 4; lastKnownFileType = sourcecode.c.objc; path = ISImageFetchOperation.m; sourceTree = "<group>"; };
		1FFFE4B4196C6E7F00CD2276 /* ISImageFetchOperation.h */ = {isa = PBXFileReference; lastKnownFileType = sourcecode.c.h; path = ISImageFetchOperation.h; sourceTree = "<group>"; };
		1FFFE4B5196C918500CD2276 /* ISImageCache.h */ = {isa = PBXFileReference; lastKnownFileType = sourcecode.c.h; path = ISImageCache.h; sourceTree = "<group>"; };
		1FFFE4B6196C919400CD2276 /* ISImageCache.m */ = {isa = PBXFileReference; fileEncoding = 4; lastKnownFileType = sourcecode.c.objc; path = ISImageCache.m; sourceTree = "<group>"; };
/* End PBXFileReference section */

/* Begin PBXFrameworksBuildPhase section */
		1F416562195BA48C0020684F /* Frameworks */ = {
			isa = PBXFrameworksBuildPhase;
			buildActionMask = 2147483647;
			files = (
				1F41656B195BA48C0020684F /* CoreGraphics.framework in Frameworks */,
				1FB3181819632BF6004CE69D /* ImageSearchKit.framework in Frameworks */,
				1F41656D195BA48C0020684F /* UIKit.framework in Frameworks */,
				1F416569195BA48C0020684F /* Foundation.framework in Frameworks */,
			);
			runOnlyForDeploymentPostprocessing = 0;
		};
		1F41657D195BA48C0020684F /* Frameworks */ = {
			isa = PBXFrameworksBuildPhase;
			buildActionMask = 2147483647;
			files = (
				1F3D7BFC19614AB2003DFAC7 /* libOCMock.a in Frameworks */,
				1F416582195BA48C0020684F /* XCTest.framework in Frameworks */,
				1F416584195BA48C0020684F /* UIKit.framework in Frameworks */,
				1F416583195BA48C0020684F /* Foundation.framework in Frameworks */,
			);
			runOnlyForDeploymentPostprocessing = 0;
		};
		1FB317FF19632BF5004CE69D /* Frameworks */ = {
			isa = PBXFrameworksBuildPhase;
			buildActionMask = 2147483647;
			files = (
			);
			runOnlyForDeploymentPostprocessing = 0;
		};
		1FB3180A19632BF5004CE69D /* Frameworks */ = {
			isa = PBXFrameworksBuildPhase;
			buildActionMask = 2147483647;
			files = (
				1FB3180E19632BF6004CE69D /* ImageSearchKit.framework in Frameworks */,
			);
			runOnlyForDeploymentPostprocessing = 0;
		};
/* End PBXFrameworksBuildPhase section */

/* Begin PBXGroup section */
		1F31887F1963774700B2DF3F /* Model */ = {
			isa = PBXGroup;
			children = (
				1F416599195BAAE90020684F /* ISDataFetcher.h */,
				1F41659A195BAAE90020684F /* ISDataFetcher.m */,
				1FAD2AB9196102A600031ECD /* ISLocalPersistence.h */,
				1FAD2ABA196102A600031ECD /* ISLocalPersistence.m */,
				1FFFE4B2196C58C400CD2276 /* ISImageFetchOperation.m */,
				1FFFE4B4196C6E7F00CD2276 /* ISImageFetchOperation.h */,
				1FFFE4B5196C918500CD2276 /* ISImageCache.h */,
				1FFFE4B6196C919400CD2276 /* ISImageCache.m */,
			);
			name = Model;
			sourceTree = "<group>";
		};
		1F3D7BFD19614B43003DFAC7 /* Models */ = {
			isa = PBXGroup;
			children = (
				1F3D7BFE19614B76003DFAC7 /* ISLocalPersistenceTests.m */,
				1F3D7C0019614BC5003DFAC7 /* ISDataFetcherTests.m */,
			);
			name = Models;
			sourceTree = "<group>";
		};
		1F41655C195BA48C0020684F = {
			isa = PBXGroup;
			children = (
				1F41656E195BA48C0020684F /* ImageSearch */,
				1F416587195BA48C0020684F /* ImageSearchTests */,
				1F416567195BA48C0020684F /* Frameworks */,
				1F416566195BA48C0020684F /* Products */,
			);
			sourceTree = "<group>";
		};
		1F416566195BA48C0020684F /* Products */ = {
			isa = PBXGroup;
			children = (
				1F416565195BA48C0020684F /* ImageSearch.app */,
				1F416580195BA48C0020684F /* ImageSearchTests.xctest */,
				1FB3180319632BF5004CE69D /* ImageSearchKit.framework */,
				1FB3180D19632BF5004CE69D /* ImageSearchKitTests.xctest */,
			);
			name = Products;
			sourceTree = "<group>";
		};
		1F416567195BA48C0020684F /* Frameworks */ = {
			isa = PBXGroup;
			children = (
				1F3D7BFB19614AB2003DFAC7 /* libOCMock.a */,
				1F416568195BA48C0020684F /* Foundation.framework */,
				1F41656A195BA48C0020684F /* CoreGraphics.framework */,
				1F41656C195BA48C0020684F /* UIKit.framework */,
				1F416581195BA48C0020684F /* XCTest.framework */,
			);
			name = Frameworks;
			sourceTree = "<group>";
		};
		1F41656E195BA48C0020684F /* ImageSearch */ = {
			isa = PBXGroup;
			children = (
				1F31887F1963774700B2DF3F /* Model */,
				1F8138231963660A00545EB7 /* ViewModel */,
				1FB317FD196323FB004CE69D /* ViewController */,
				1F416598195BAA860020684F /* View */,
				1F416577195BA48C0020684F /* ISAppDelegate.h */,
				1F416578195BA48C0020684F /* ISAppDelegate.m */,
				1F41657A195BA48C0020684F /* Images.xcassets */,
				1F41656F195BA48C0020684F /* Supporting Files */,
			);
			path = ImageSearch;
			sourceTree = "<group>";
		};
		1F41656F195BA48C0020684F /* Supporting Files */ = {
			isa = PBXGroup;
			children = (
				1F416570195BA48C0020684F /* ImageSearch-Info.plist */,
				1F416571195BA48C0020684F /* InfoPlist.strings */,
				1F416574195BA48C0020684F /* main.m */,
				1F416576195BA48C0020684F /* ImageSearch-Prefix.pch */,
			);
			name = "Supporting Files";
			sourceTree = "<group>";
		};
		1F416587195BA48C0020684F /* ImageSearchTests */ = {
			isa = PBXGroup;
			children = (
				1F3D7BFD19614B43003DFAC7 /* Models */,
				1F416588195BA48C0020684F /* Supporting Files */,
			);
			path = ImageSearchTests;
			sourceTree = "<group>";
		};
		1F416588195BA48C0020684F /* Supporting Files */ = {
			isa = PBXGroup;
			children = (
				1F416589195BA48C0020684F /* ImageSearchTests-Info.plist */,
				1F41658A195BA48C0020684F /* InfoPlist.strings */,
			);
			name = "Supporting Files";
			sourceTree = "<group>";
		};
		1F416598195BAA860020684F /* View */ = {
			isa = PBXGroup;
			children = (
				1F4165A2195BB0490020684F /* ISResultsViewCell.h */,
				1F4165A3195BB0490020684F /* ISResultsViewCell.m */,
				1F0769D51960E20A009B6674 /* ISFooterView.h */,
				1F0769D61960E20A009B6674 /* ISFooterView.m */,
			);
			name = View;
			sourceTree = "<group>";
		};
		1F8138231963660A00545EB7 /* ViewModel */ = {
			isa = PBXGroup;
			children = (
				1F4165AB195CD7510020684F /* ISCollectionViewFlowLayout.h */,
				1F4165AC195CD7510020684F /* ISCollectionViewFlowLayout.m */,
			);
			name = ViewModel;
			sourceTree = "<group>";
		};
		1FB317FD196323FB004CE69D /* ViewController */ = {
			isa = PBXGroup;
			children = (
				1F0769D21960D995009B6674 /* ISSearchViewController.h */,
				1F0769D31960D995009B6674 /* ISSearchViewController.m */,
				1F41659F195BAC240020684F /* ISResultsViewController.h */,
				1F4165A0195BAC240020684F /* ISResultsViewController.m */,
			);
			name = ViewController;
			sourceTree = "<group>";
		};
/* End PBXGroup section */

/* Begin PBXHeadersBuildPhase section */
		1FB3180019632BF5004CE69D /* Headers */ = {
			isa = PBXHeadersBuildPhase;
			buildActionMask = 2147483647;
			files = (
			);
			runOnlyForDeploymentPostprocessing = 0;
		};
/* End PBXHeadersBuildPhase section */

/* Begin PBXNativeTarget section */
		1F416564195BA48C0020684F /* ImageSearch */ = {
			isa = PBXNativeTarget;
			buildConfigurationList = 1F416591195BA48C0020684F /* Build configuration list for PBXNativeTarget "ImageSearch" */;
			buildPhases = (
				1F416561195BA48C0020684F /* Sources */,
				1F416562195BA48C0020684F /* Frameworks */,
				1F416563195BA48C0020684F /* Resources */,
				1FB3181F19632BF6004CE69D /* Embed Frameworks */,
			);
			buildRules = (
			);
			dependencies = (
				1FB3181719632BF6004CE69D /* PBXTargetDependency */,
				1FB3181B19632BF6004CE69D /* PBXTargetDependency */,
			);
			name = ImageSearch;
			productName = ImageSearch;
			productReference = 1F416565195BA48C0020684F /* ImageSearch.app */;
			productType = "com.apple.product-type.application";
		};
		1F41657F195BA48C0020684F /* ImageSearchTests */ = {
			isa = PBXNativeTarget;
			buildConfigurationList = 1F416594195BA48C0020684F /* Build configuration list for PBXNativeTarget "ImageSearchTests" */;
			buildPhases = (
				1F41657C195BA48C0020684F /* Sources */,
				1F41657D195BA48C0020684F /* Frameworks */,
				1F41657E195BA48C0020684F /* Resources */,
			);
			buildRules = (
			);
			dependencies = (
				1F416586195BA48C0020684F /* PBXTargetDependency */,
			);
			name = ImageSearchTests;
			productName = ImageSearchTests;
			productReference = 1F416580195BA48C0020684F /* ImageSearchTests.xctest */;
			productType = "com.apple.product-type.bundle.unit-test";
		};
		1FB3180219632BF5004CE69D /* ImageSearchKit */ = {
			isa = PBXNativeTarget;
			buildConfigurationList = 1FB3181C19632BF6004CE69D /* Build configuration list for PBXNativeTarget "ImageSearchKit" */;
			buildPhases = (
				1FB317FE19632BF5004CE69D /* Sources */,
				1FB317FF19632BF5004CE69D /* Frameworks */,
				1FB3180019632BF5004CE69D /* Headers */,
				1FB3180119632BF5004CE69D /* Resources */,
			);
			buildRules = (
			);
			dependencies = (
			);
			name = ImageSearchKit;
			productName = ImageSearchKit;
			productReference = 1FB3180319632BF5004CE69D /* ImageSearchKit.framework */;
			productType = "com.apple.product-type.framework";
		};
		1FB3180C19632BF5004CE69D /* ImageSearchKitTests */ = {
			isa = PBXNativeTarget;
			buildConfigurationList = 1FB3182019632BF6004CE69D /* Build configuration list for PBXNativeTarget "ImageSearchKitTests" */;
			buildPhases = (
				1FB3180919632BF5004CE69D /* Sources */,
				1FB3180A19632BF5004CE69D /* Frameworks */,
				1FB3180B19632BF5004CE69D /* Resources */,
			);
			buildRules = (
			);
			dependencies = (
				1FB3181019632BF6004CE69D /* PBXTargetDependency */,
			);
			name = ImageSearchKitTests;
			productName = ImageSearchKitTests;
			productReference = 1FB3180D19632BF5004CE69D /* ImageSearchKitTests.xctest */;
			productType = "com.apple.product-type.bundle.unit-test";
		};
/* End PBXNativeTarget section */

/* Begin PBXProject section */
		1F41655D195BA48C0020684F /* Project object */ = {
			isa = PBXProject;
			attributes = {
				CLASSPREFIX = IS;
				LastUpgradeCheck = 0510;
				ORGANIZATIONNAME = testsample;
				TargetAttributes = {
					1F41657F195BA48C0020684F = {
						TestTargetID = 1F416564195BA48C0020684F;
					};
					1FB3180219632BF5004CE69D = {
						CreatedOnToolsVersion = 6.0;
					};
					1FB3180C19632BF5004CE69D = {
						CreatedOnToolsVersion = 6.0;
						TestTargetID = 1FB3180219632BF5004CE69D;
					};
				};
			};
			buildConfigurationList = 1F416560195BA48C0020684F /* Build configuration list for PBXProject "ImageSearch" */;
			compatibilityVersion = "Xcode 3.2";
			developmentRegion = English;
			hasScannedForEncodings = 0;
			knownRegions = (
				en,
			);
			mainGroup = 1F41655C195BA48C0020684F;
			productRefGroup = 1F416566195BA48C0020684F /* Products */;
			projectDirPath = "";
			projectRoot = "";
			targets = (
				1F416564195BA48C0020684F /* ImageSearch */,
				1F41657F195BA48C0020684F /* ImageSearchTests */,
				1FB3180219632BF5004CE69D /* ImageSearchKit */,
				1FB3180C19632BF5004CE69D /* ImageSearchKitTests */,
			);
		};
/* End PBXProject section */

/* Begin PBXResourcesBuildPhase section */
		1F416563195BA48C0020684F /* Resources */ = {
			isa = PBXResourcesBuildPhase;
			buildActionMask = 2147483647;
			files = (
				1F416573195BA48C0020684F /* InfoPlist.strings in Resources */,
				1F41657B195BA48C0020684F /* Images.xcassets in Resources */,
			);
			runOnlyForDeploymentPostprocessing = 0;
		};
		1F41657E195BA48C0020684F /* Resources */ = {
			isa = PBXResourcesBuildPhase;
			buildActionMask = 2147483647;
			files = (
				1F41658C195BA48C0020684F /* InfoPlist.strings in Resources */,
			);
			runOnlyForDeploymentPostprocessing = 0;
		};
		1FB3180119632BF5004CE69D /* Resources */ = {
			isa = PBXResourcesBuildPhase;
			buildActionMask = 2147483647;
			files = (
			);
			runOnlyForDeploymentPostprocessing = 0;
		};
		1FB3180B19632BF5004CE69D /* Resources */ = {
			isa = PBXResourcesBuildPhase;
			buildActionMask = 2147483647;
			files = (
			);
			runOnlyForDeploymentPostprocessing = 0;
		};
/* End PBXResourcesBuildPhase section */

/* Begin PBXSourcesBuildPhase section */
		1F416561195BA48C0020684F /* Sources */ = {
			isa = PBXSourcesBuildPhase;
			buildActionMask = 2147483647;
			files = (
				1F4165A4195BB0490020684F /* ISResultsViewCell.m in Sources */,
				1F0769D71960E20A009B6674 /* ISFooterView.m in Sources */,
				1F4165AD195CD7510020684F /* ISCollectionViewFlowLayout.m in Sources */,
				1FFFE4B3196C58C400CD2276 /* ISImageFetchOperation.m in Sources */,
				1F416579195BA48C0020684F /* ISAppDelegate.m in Sources */,
				1F416575195BA48C0020684F /* main.m in Sources */,
				1F41659B195BAAE90020684F /* ISDataFetcher.m in Sources */,
				1FFFE4B7196C919400CD2276 /* ISImageCache.m in Sources */,
				1FAD2ABB196102A600031ECD /* ISLocalPersistence.m in Sources */,
				1F4165A1195BAC240020684F /* ISResultsViewController.m in Sources */,
				1F0769D41960D995009B6674 /* ISSearchViewController.m in Sources */,
			);
			runOnlyForDeploymentPostprocessing = 0;
		};
		1F41657C195BA48C0020684F /* Sources */ = {
			isa = PBXSourcesBuildPhase;
			buildActionMask = 2147483647;
			files = (
				1F3D7BFF19614B76003DFAC7 /* ISLocalPersistenceTests.m in Sources */,
				1F3D7C0119614BC5003DFAC7 /* ISDataFetcherTests.m in Sources */,
			);
			runOnlyForDeploymentPostprocessing = 0;
		};
		1FB317FE19632BF5004CE69D /* Sources */ = {
			isa = PBXSourcesBuildPhase;
			buildActionMask = 2147483647;
			files = (
			);
			runOnlyForDeploymentPostprocessing = 0;
		};
		1FB3180919632BF5004CE69D /* Sources */ = {
			isa = PBXSourcesBuildPhase;
			buildActionMask = 2147483647;
			files = (
			);
			runOnlyForDeploymentPostprocessing = 0;
		};
/* End PBXSourcesBuildPhase section */

/* Begin PBXTargetDependency section */
		1F416586195BA48C0020684F /* PBXTargetDependency */ = {
			isa = PBXTargetDependency;
			target = 1F416564195BA48C0020684F /* ImageSearch */;
			targetProxy = 1F416585195BA48C0020684F /* PBXContainerItemProxy */;
		};
		1FB3181019632BF6004CE69D /* PBXTargetDependency */ = {
			isa = PBXTargetDependency;
			target = 1FB3180219632BF5004CE69D /* ImageSearchKit */;
			targetProxy = 1FB3180F19632BF6004CE69D /* PBXContainerItemProxy */;
		};
		1FB3181719632BF6004CE69D /* PBXTargetDependency */ = {
			isa = PBXTargetDependency;
			target = 1FB3180219632BF5004CE69D /* ImageSearchKit */;
			targetProxy = 1FB3181619632BF6004CE69D /* PBXContainerItemProxy */;
		};
		1FB3181B19632BF6004CE69D /* PBXTargetDependency */ = {
			isa = PBXTargetDependency;
			target = 1FB3180219632BF5004CE69D /* ImageSearchKit */;
			targetProxy = 1FB3181A19632BF6004CE69D /* PBXContainerItemProxy */;
		};
/* End PBXTargetDependency section */

/* Begin PBXVariantGroup section */
		1F416571195BA48C0020684F /* InfoPlist.strings */ = {
			isa = PBXVariantGroup;
			children = (
				1F416572195BA48C0020684F /* en */,
			);
			name = InfoPlist.strings;
			sourceTree = "<group>";
		};
		1F41658A195BA48C0020684F /* InfoPlist.strings */ = {
			isa = PBXVariantGroup;
			children = (
				1F41658B195BA48C0020684F /* en */,
			);
			name = InfoPlist.strings;
			sourceTree = "<group>";
		};
/* End PBXVariantGroup section */

/* Begin XCBuildConfiguration section */
		1F41658F195BA48C0020684F /* Debug */ = {
			isa = XCBuildConfiguration;
			buildSettings = {
				ALWAYS_SEARCH_USER_PATHS = NO;
				CLANG_CXX_LANGUAGE_STANDARD = "gnu++0x";
				CLANG_CXX_LIBRARY = "libc++";
				CLANG_ENABLE_MODULES = YES;
				CLANG_ENABLE_OBJC_ARC = YES;
				CLANG_WARN_BOOL_CONVERSION = YES;
				CLANG_WARN_CONSTANT_CONVERSION = YES;
				CLANG_WARN_DIRECT_OBJC_ISA_USAGE = YES_ERROR;
				CLANG_WARN_EMPTY_BODY = YES;
				CLANG_WARN_ENUM_CONVERSION = YES;
				CLANG_WARN_INT_CONVERSION = YES;
				CLANG_WARN_OBJC_ROOT_CLASS = YES_ERROR;
				CLANG_WARN__DUPLICATE_METHOD_MATCH = YES;
				"CODE_SIGN_IDENTITY[sdk=iphoneos*]" = "iPhone Developer";
				COPY_PHASE_STRIP = NO;
				GCC_C_LANGUAGE_STANDARD = gnu99;
				GCC_DYNAMIC_NO_PIC = NO;
				GCC_OPTIMIZATION_LEVEL = 0;
				GCC_PREPROCESSOR_DEFINITIONS = (
					"DEBUG=1",
					"$(inherited)",
				);
				GCC_SYMBOLS_PRIVATE_EXTERN = NO;
				GCC_WARN_64_TO_32_BIT_CONVERSION = YES;
				GCC_WARN_ABOUT_RETURN_TYPE = YES_ERROR;
				GCC_WARN_UNDECLARED_SELECTOR = YES;
				GCC_WARN_UNINITIALIZED_AUTOS = YES_AGGRESSIVE;
				GCC_WARN_UNUSED_FUNCTION = YES;
				GCC_WARN_UNUSED_VARIABLE = YES;
				IPHONEOS_DEPLOYMENT_TARGET = 7.1;
				ONLY_ACTIVE_ARCH = YES;
				SDKROOT = iphoneos;
				TARGETED_DEVICE_FAMILY = "1,2";
			};
			name = Debug;
		};
		1F416590195BA48C0020684F /* Release */ = {
			isa = XCBuildConfiguration;
			buildSettings = {
				ALWAYS_SEARCH_USER_PATHS = NO;
				CLANG_CXX_LANGUAGE_STANDARD = "gnu++0x";
				CLANG_CXX_LIBRARY = "libc++";
				CLANG_ENABLE_MODULES = YES;
				CLANG_ENABLE_OBJC_ARC = YES;
				CLANG_WARN_BOOL_CONVERSION = YES;
				CLANG_WARN_CONSTANT_CONVERSION = YES;
				CLANG_WARN_DIRECT_OBJC_ISA_USAGE = YES_ERROR;
				CLANG_WARN_EMPTY_BODY = YES;
				CLANG_WARN_ENUM_CONVERSION = YES;
				CLANG_WARN_INT_CONVERSION = YES;
				CLANG_WARN_OBJC_ROOT_CLASS = YES_ERROR;
				CLANG_WARN__DUPLICATE_METHOD_MATCH = YES;
				"CODE_SIGN_IDENTITY[sdk=iphoneos*]" = "iPhone Developer";
				COPY_PHASE_STRIP = YES;
				ENABLE_NS_ASSERTIONS = NO;
				GCC_C_LANGUAGE_STANDARD = gnu99;
				GCC_WARN_64_TO_32_BIT_CONVERSION = YES;
				GCC_WARN_ABOUT_RETURN_TYPE = YES_ERROR;
				GCC_WARN_UNDECLARED_SELECTOR = YES;
				GCC_WARN_UNINITIALIZED_AUTOS = YES_AGGRESSIVE;
				GCC_WARN_UNUSED_FUNCTION = YES;
				GCC_WARN_UNUSED_VARIABLE = YES;
				IPHONEOS_DEPLOYMENT_TARGET = 7.1;
				SDKROOT = iphoneos;
				TARGETED_DEVICE_FAMILY = "1,2";
				VALIDATE_PRODUCT = YES;
			};
			name = Release;
		};
		1F416592195BA48C0020684F /* Debug */ = {
			isa = XCBuildConfiguration;
			buildSettings = {
				ASSETCATALOG_COMPILER_APPICON_NAME = AppIcon;
				ASSETCATALOG_COMPILER_LAUNCHIMAGE_NAME = LaunchImage;
				GCC_PRECOMPILE_PREFIX_HEADER = YES;
				GCC_PREFIX_HEADER = "ImageSearch/ImageSearch-Prefix.pch";
				INFOPLIST_FILE = "ImageSearch/ImageSearch-Info.plist";
				IPHONEOS_DEPLOYMENT_TARGET = 6.0;
				LD_RUNPATH_SEARCH_PATHS = "$(inherited) @executable_path/Frameworks";
				PRODUCT_NAME = "$(TARGET_NAME)";
				WRAPPER_EXTENSION = app;
			};
			name = Debug;
		};
		1F416593195BA48C0020684F /* Release */ = {
			isa = XCBuildConfiguration;
			buildSettings = {
				ASSETCATALOG_COMPILER_APPICON_NAME = AppIcon;
				ASSETCATALOG_COMPILER_LAUNCHIMAGE_NAME = LaunchImage;
				GCC_PRECOMPILE_PREFIX_HEADER = YES;
				GCC_PREFIX_HEADER = "ImageSearch/ImageSearch-Prefix.pch";
				INFOPLIST_FILE = "ImageSearch/ImageSearch-Info.plist";
				IPHONEOS_DEPLOYMENT_TARGET = 6.0;
				LD_RUNPATH_SEARCH_PATHS = "$(inherited) @executable_path/Frameworks";
				PRODUCT_NAME = "$(TARGET_NAME)";
				WRAPPER_EXTENSION = app;
			};
			name = Release;
		};
		1F416595195BA48C0020684F /* Debug */ = {
			isa = XCBuildConfiguration;
			buildSettings = {
				BUNDLE_LOADER = "$(BUILT_PRODUCTS_DIR)/ImageSearch.app/ImageSearch";
				FRAMEWORK_SEARCH_PATHS = (
					"$(SDKROOT)/Developer/Library/Frameworks",
					"$(inherited)",
					"$(DEVELOPER_FRAMEWORKS_DIR)",
				);
				GCC_PRECOMPILE_PREFIX_HEADER = YES;
				GCC_PREFIX_HEADER = "ImageSearch/ImageSearch-Prefix.pch";
				GCC_PREPROCESSOR_DEFINITIONS = (
					"DEBUG=1",
					"$(inherited)",
				);
				HEADER_SEARCH_PATHS = (
					"$(inherited)",
					/Applications/Xcode.app/Contents/Developer/Toolchains/XcodeDefault.xctoolchain/usr/include,
					"$(PROJECT_DIR)/ImageSearchTests",
				);
				INFOPLIST_FILE = "ImageSearchTests/ImageSearchTests-Info.plist";
				LIBRARY_SEARCH_PATHS = (
					"$(inherited)",
					"$(PROJECT_DIR)/ImageSearchTests",
				);
				OTHER_LDFLAGS = (
					"$(inherited)",
					"-framework",
					XCTest,
					"-ObjC",
				);
				PRODUCT_NAME = "$(TARGET_NAME)";
				TEST_HOST = "$(BUNDLE_LOADER)";
				WRAPPER_EXTENSION = xctest;
			};
			name = Debug;
		};
		1F416596195BA48C0020684F /* Release */ = {
			isa = XCBuildConfiguration;
			buildSettings = {
				BUNDLE_LOADER = "$(BUILT_PRODUCTS_DIR)/ImageSearch.app/ImageSearch";
				FRAMEWORK_SEARCH_PATHS = (
					"$(SDKROOT)/Developer/Library/Frameworks",
					"$(inherited)",
					"$(DEVELOPER_FRAMEWORKS_DIR)",
				);
				GCC_PRECOMPILE_PREFIX_HEADER = YES;
				GCC_PREFIX_HEADER = "ImageSearch/ImageSearch-Prefix.pch";
				HEADER_SEARCH_PATHS = (
					"$(inherited)",
					/Applications/Xcode.app/Contents/Developer/Toolchains/XcodeDefault.xctoolchain/usr/include,
					"$(PROJECT_DIR)/ImageSearchTests",
				);
				INFOPLIST_FILE = "ImageSearchTests/ImageSearchTests-Info.plist";
				LIBRARY_SEARCH_PATHS = (
					"$(inherited)",
					"$(PROJECT_DIR)/ImageSearchTests",
				);
				OTHER_LDFLAGS = (
					"$(inherited)",
					"-framework",
					XCTest,
					"-ObjC",
				);
				PRODUCT_NAME = "$(TARGET_NAME)";
				TEST_HOST = "$(BUNDLE_LOADER)";
				WRAPPER_EXTENSION = xctest;
			};
			name = Release;
		};
		1FB3181D19632BF6004CE69D /* Debug */ = {
			isa = XCBuildConfiguration;
			buildSettings = {
				CLANG_WARN_UNREACHABLE_CODE = YES;
				CURRENT_PROJECT_VERSION = 1;
				DEFINES_MODULE = YES;
				DYLIB_COMPATIBILITY_VERSION = 1;
				DYLIB_CURRENT_VERSION = 1;
				DYLIB_INSTALL_NAME_BASE = "@rpath";
				ENABLE_STRICT_OBJC_MSGSEND = YES;
				GCC_PREPROCESSOR_DEFINITIONS = (
					"DEBUG=1",
					"$(inherited)",
				);
				INFOPLIST_FILE = "$(SRCROOT)/ImageSearch/ImageSearch-Info.plist";
				INSTALL_PATH = "$(LOCAL_LIBRARY_DIR)/Frameworks";
				IPHONEOS_DEPLOYMENT_TARGET = 6.0;
				LD_RUNPATH_SEARCH_PATHS = "$(inherited) @executable_path/Frameworks @loader_path/Frameworks";
				METAL_ENABLE_DEBUG_INFO = YES;
				PRODUCT_NAME = "$(TARGET_NAME)";
				SKIP_INSTALL = YES;
				VERSIONING_SYSTEM = "apple-generic";
				VERSION_INFO_PREFIX = "";
			};
			name = Debug;
		};
		1FB3181E19632BF6004CE69D /* Release */ = {
			isa = XCBuildConfiguration;
			buildSettings = {
				CLANG_WARN_UNREACHABLE_CODE = YES;
				CURRENT_PROJECT_VERSION = 1;
				DEFINES_MODULE = YES;
				DYLIB_COMPATIBILITY_VERSION = 1;
				DYLIB_CURRENT_VERSION = 1;
				DYLIB_INSTALL_NAME_BASE = "@rpath";
				ENABLE_STRICT_OBJC_MSGSEND = YES;
				INFOPLIST_FILE = "$(SRCROOT)/ImageSearch/ImageSearch-Info.plist";
				INSTALL_PATH = "$(LOCAL_LIBRARY_DIR)/Frameworks";
				IPHONEOS_DEPLOYMENT_TARGET = 6.0;
				LD_RUNPATH_SEARCH_PATHS = "$(inherited) @executable_path/Frameworks @loader_path/Frameworks";
				METAL_ENABLE_DEBUG_INFO = NO;
				PRODUCT_NAME = "$(TARGET_NAME)";
				SKIP_INSTALL = YES;
				VERSIONING_SYSTEM = "apple-generic";
				VERSION_INFO_PREFIX = "";
			};
			name = Release;
		};
		1FB3182119632BF6004CE69D /* Debug */ = {
			isa = XCBuildConfiguration;
			buildSettings = {
				CLANG_WARN_UNREACHABLE_CODE = YES;
				ENABLE_STRICT_OBJC_MSGSEND = YES;
				FRAMEWORK_SEARCH_PATHS = (
					"$(SDKROOT)/Developer/Library/Frameworks",
					"$(inherited)",
				);
				GCC_PREPROCESSOR_DEFINITIONS = (
					"DEBUG=1",
					"$(inherited)",
				);
				INFOPLIST_FILE = ImageSearchKitTests/Info.plist;
				IPHONEOS_DEPLOYMENT_TARGET = 8.0;
				LD_RUNPATH_SEARCH_PATHS = "$(inherited) @executable_path/Frameworks @loader_path/Frameworks";
				METAL_ENABLE_DEBUG_INFO = YES;
				PRODUCT_NAME = "$(TARGET_NAME)";
			};
			name = Debug;
		};
		1FB3182219632BF6004CE69D /* Release */ = {
			isa = XCBuildConfiguration;
			buildSettings = {
				CLANG_WARN_UNREACHABLE_CODE = YES;
				ENABLE_STRICT_OBJC_MSGSEND = YES;
				FRAMEWORK_SEARCH_PATHS = (
					"$(SDKROOT)/Developer/Library/Frameworks",
					"$(inherited)",
				);
				INFOPLIST_FILE = ImageSearchKitTests/Info.plist;
				IPHONEOS_DEPLOYMENT_TARGET = 8.0;
				LD_RUNPATH_SEARCH_PATHS = "$(inherited) @executable_path/Frameworks @loader_path/Frameworks";
				METAL_ENABLE_DEBUG_INFO = NO;
				PRODUCT_NAME = "$(TARGET_NAME)";
			};
			name = Release;
		};
/* End XCBuildConfiguration section */

/* Begin XCConfigurationList section */
		1F416560195BA48C0020684F /* Build configuration list for PBXProject "ImageSearch" */ = {
			isa = XCConfigurationList;
			buildConfigurations = (
				1F41658F195BA48C0020684F /* Debug */,
				1F416590195BA48C0020684F /* Release */,
			);
			defaultConfigurationIsVisible = 0;
			defaultConfigurationName = Release;
		};
		1F416591195BA48C0020684F /* Build configuration list for PBXNativeTarget "ImageSearch" */ = {
			isa = XCConfigurationList;
			buildConfigurations = (
				1F416592195BA48C0020684F /* Debug */,
				1F416593195BA48C0020684F /* Release */,
			);
			defaultConfigurationIsVisible = 0;
			defaultConfigurationName = Release;
		};
		1F416594195BA48C0020684F /* Build configuration list for PBXNativeTarget "ImageSearchTests" */ = {
			isa = XCConfigurationList;
			buildConfigurations = (
				1F416595195BA48C0020684F /* Debug */,
				1F416596195BA48C0020684F /* Release */,
			);
			defaultConfigurationIsVisible = 0;
			defaultConfigurationName = Release;
		};
		1FB3181C19632BF6004CE69D /* Build configuration list for PBXNativeTarget "ImageSearchKit" */ = {
			isa = XCConfigurationList;
			buildConfigurations = (
				1FB3181D19632BF6004CE69D /* Debug */,
				1FB3181E19632BF6004CE69D /* Release */,
			);
			defaultConfigurationIsVisible = 0;
			defaultConfigurationName = Release;
		};
		1FB3182019632BF6004CE69D /* Build configuration list for PBXNativeTarget "ImageSearchKitTests" */ = {
			isa = XCConfigurationList;
			buildConfigurations = (
				1FB3182119632BF6004CE69D /* Debug */,
				1FB3182219632BF6004CE69D /* Release */,
			);
			defaultConfigurationIsVisible = 0;
			defaultConfigurationName = Release;
		};
/* End XCConfigurationList section */
	};
	rootObject = 1F41655D195BA48C0020684F /* Project object */;
}
